{
  "name": "covid19-data-visualizer",
  "version": "1.0.0",
  "lockfileVersion": 1,
  "requires": true,
  "dependencies": {
    "@babel/runtime": {
      "version": "7.4.5",
      "resolved": "https://registry.npmjs.org/@babel/runtime/-/runtime-7.4.5.tgz",
      "integrity": "sha512-TuI4qpWZP6lGOGIuGWtp9sPluqYICmbk8T/1vpSysqJxRPkudh/ofFWyqdcMsDf2s7KvDL4/YHgKyvcS3g9CJQ==",
      "requires": {
        "regenerator-runtime": "^0.13.2"
      }
    },
    "@fusioncharts/charts": {
      "version": "3.15.1-sr.1",
      "resolved": "https://registry.npmjs.org/@fusioncharts/charts/-/charts-3.15.1-sr.1.tgz",
      "integrity": "sha512-1pxDsQUSa9deVyuu0/nbutXue60o0CroKcU8MGTGjDVqehgLh95VTEFL9zuagyRf2ZfHY1pIN1w8rbSkc4h/MA==",
      "requires": {
        "@babel/runtime": "7.4.5",
        "@fusioncharts/core": "^1.0.4",
        "@fusioncharts/features": "^1.0.4",
        "@fusioncharts/utils": "^1.0.4"
      }
    },
    "@fusioncharts/constructor": {
      "version": "1.0.4",
      "resolved": "https://registry.npmjs.org/@fusioncharts/constructor/-/constructor-1.0.4.tgz",
      "integrity": "sha512-qWp8iwMDWcEkzYZ8qyR7l8m/SXe7NSXim5EaoL292aLeHLfEPaF7MACvFFszW99M0X8aYgF4SxMNMUCW9YsWaQ==",
      "requires": {
        "@babel/runtime": "7.4.5",
        "@fusioncharts/core": "^1.0.4",
        "@fusioncharts/maps": "^3.15.1-sr.1"
      }
    },
    "@fusioncharts/core": {
      "version": "1.0.4",
      "resolved": "https://registry.npmjs.org/@fusioncharts/core/-/core-1.0.4.tgz",
      "integrity": "sha512-KFBdx5xMjIHDHj2j/84aNXeKpnkAfX7FF+Kk/pKTL30uF43hyYI2cOT9A1K+d10D/g12/H5+bb7xnnfiP2G30Q==",
      "requires": {
        "@babel/runtime": "7.4.5",
        "@fusioncharts/utils": "^1.0.4",
        "core-js": "^3.0.1",
        "ramda": "^0.25.0"
      }
    },
    "@fusioncharts/datatable": {
      "version": "1.0.4",
      "resolved": "https://registry.npmjs.org/@fusioncharts/datatable/-/datatable-1.0.4.tgz",
      "integrity": "sha512-4hX3yLNUldAOdMK0aniLtZ8zFsmaj9A83gww7AIFA2TAgO06sHzeGCDNdPh1gBl4v5jlsIc7m7fhUsoI5Jr9ZA==",
      "requires": {
        "@babel/runtime": "7.4.5",
        "@fusioncharts/utils": "^1.0.4"
      }
    },
    "@fusioncharts/features": {
      "version": "1.0.4",
      "resolved": "https://registry.npmjs.org/@fusioncharts/features/-/features-1.0.4.tgz",
      "integrity": "sha512-crlzy44avHQOyWSLc2GxegvQBP4qKDyKefILK4vj/awlvVY/Rs8cp2SIgi5kjjnt3eQKJdu2SWAogWeugZY+bw==",
      "requires": {
        "@babel/runtime": "7.4.5",
        "@fusioncharts/core": "^1.0.4",
        "@fusioncharts/utils": "^1.0.4"
      }
    },
    "@fusioncharts/fusiontime": {
      "version": "2.1.1",
      "resolved": "https://registry.npmjs.org/@fusioncharts/fusiontime/-/fusiontime-2.1.1.tgz",
      "integrity": "sha512-Gnn0iZpoqRhf7MQTbioEaiuYjXb4zW7OjjAnXmOeRD1N+2RYY4Z3G6ukHUQ23bKnWLgNlB3il2oE11s2sVSfqQ==",
      "requires": {
        "@babel/runtime": "7.4.5",
        "@fusioncharts/charts": "^3.15.1-sr.1",
        "@fusioncharts/core": "^1.0.4",
        "@fusioncharts/datatable": "^1.0.4",
        "@fusioncharts/utils": "^1.0.4",
        "ramda": "^0.25.0"
      }
    },
    "@fusioncharts/maps": {
      "version": "3.15.1-sr.1",
      "resolved": "https://registry.npmjs.org/@fusioncharts/maps/-/maps-3.15.1-sr.1.tgz",
      "integrity": "sha512-YGS6oFwGETeKomH6pZd7tonBRGv0GoBcELq7yUeJrSKFaeZfmeBijQvJXG4hR+rv82lWBzFz0DOdcWuCj7Pi6w==",
      "requires": {
        "@babel/runtime": "7.4.5",
        "@fusioncharts/charts": "^3.15.1-sr.1",
        "@fusioncharts/core": "^1.0.4",
        "@fusioncharts/features": "^1.0.4"
      }
    },
    "@fusioncharts/powercharts": {
      "version": "3.15.1-sr.1",
      "resolved": "https://registry.npmjs.org/@fusioncharts/powercharts/-/powercharts-3.15.1-sr.1.tgz",
      "integrity": "sha512-65mGCv2b7GmFKj9g0dNnm79v9haPCw5JJ2plA0v3ZXS5l5HQw4gwyktNyHxmuTrn2HpIyjPaAatWLTRS6EWTWA==",
      "requires": {
        "@babel/runtime": "7.4.5",
        "@fusioncharts/charts": "^3.15.1-sr.1",
        "@fusioncharts/core": "^1.0.4",
        "@fusioncharts/utils": "^1.0.4"
      }
    },
    "@fusioncharts/utils": {
      "version": "1.0.4",
      "resolved": "https://registry.npmjs.org/@fusioncharts/utils/-/utils-1.0.4.tgz",
      "integrity": "sha512-beQQJ4I6/robazpJeotZU4CZU7dOUchW9tNThrcSfLv56af7eHsf4tV/k3Nkgl44OFARxv9e+QZOAhnM8GB1OQ==",
      "requires": {
        "@babel/runtime": "7.4.5",
        "ramda": "^0.25.0"
      }
    },
    "@fusioncharts/widgets": {
      "version": "3.15.1-sr.1",
      "resolved": "https://registry.npmjs.org/@fusioncharts/widgets/-/widgets-3.15.1-sr.1.tgz",
      "integrity": "sha512-as/JLF4am+6JsBBEl9ioTl2mBtdCNNj9HWs+H6cA6iu54kuxNMBCxg2QJ/PxWX9UQHvKFYzCeB41l/7Nmxgd0g==",
      "requires": {
        "@babel/runtime": "7.4.5",
        "@fusioncharts/charts": "^3.15.1-sr.1",
        "@fusioncharts/constructor": "^1.0.4",
        "@fusioncharts/core": "^1.0.4",
        "@fusioncharts/features": "^1.0.4",
        "@fusioncharts/utils": "^1.0.4"
      }
    },
    "@tweenjs/tween.js": {
      "version": "17.4.0",
      "resolved": "https://registry.npmjs.org/@tweenjs/tween.js/-/tween.js-17.4.0.tgz",
      "integrity": "sha512-J3fzl1F6wvh8KXVVcIuHN12xi1ZDcPA/0Vix+ZcJYwZWVHUwfIqfvzYXXEw7ybeev6477KCTt9fKydU+ajUqcg=="
    },
    "babel-runtime": {
      "version": "6.26.0",
      "resolved": "https://registry.npmjs.org/babel-runtime/-/babel-runtime-6.26.0.tgz",
      "integrity": "sha1-llxwWGaOgrVde/4E/yM3vItWR/4=",
      "requires": {
        "core-js": "^2.4.0",
        "regenerator-runtime": "^0.11.0"
      },
      "dependencies": {
        "core-js": {
          "version": "2.6.11",
          "resolved": "https://registry.npmjs.org/core-js/-/core-js-2.6.11.tgz",
          "integrity": "sha512-5wjnpaT/3dV+XB4borEsnAYQchn00XSgTAWKDkEqv+K8KevjbzmofK6hfJ9TZIlpj2N0xQpazy7PiRQiWHqzWg=="
        },
        "regenerator-runtime": {
          "version": "0.11.1",
          "resolved": "https://registry.npmjs.org/regenerator-runtime/-/regenerator-runtime-0.11.1.tgz",
          "integrity": "sha512-MguG95oij0fC3QV3URf4V2SDYGJhJnJGqvIIgdECeODCT98wSWDAJ94SSuVpYQUoTcGUIL6L4yNB7j1DFFHSBg=="
        }
      }
    },
    "core-js": {
      "version": "3.6.5",
      "resolved": "https://registry.npmjs.org/core-js/-/core-js-3.6.5.tgz",
      "integrity": "sha512-vZVEEwZoIsI+vPEuoF9Iqf5H7/M3eeQqWlQnYa8FSKKePuYTf5MWnxb5SDAzCa60b3JBRS5g9b+Dq7b1y/RCrA=="
    },
    "fusioncharts": {
      "version": "3.15.1-sr.1",
      "resolved": "https://registry.npmjs.org/fusioncharts/-/fusioncharts-3.15.1-sr.1.tgz",
      "integrity": "sha512-EKky7IAiPrWmtN7RVaumhCMQ1boB1r46QwAh0SclHeE+ut68oJ4AbaUe1Ud4vui2mGSy2mDFWETQvfMN1awpRg==",
      "requires": {
        "@babel/runtime": "7.4.5",
        "@fusioncharts/charts": "^3.15.1-sr.1",
        "@fusioncharts/constructor": "^1.0.4",
        "@fusioncharts/core": "^1.0.4",
        "@fusioncharts/datatable": "^1.0.4",
        "@fusioncharts/features": "^1.0.4",
        "@fusioncharts/fusiontime": "^2.1.1",
        "@fusioncharts/maps": "^3.15.1-sr.1",
        "@fusioncharts/powercharts": "^3.15.1-sr.1",
        "@fusioncharts/utils": "^1.0.4",
        "@fusioncharts/widgets": "^3.15.1-sr.1",
        "mutationobserver-shim": "^0.3.3",
        "promise-polyfill": "^8.1.3"
      }
    },
    "moment": {
      "version": "2.24.0",
      "resolved": "https://registry.npmjs.org/moment/-/moment-2.24.0.tgz",
      "integrity": "sha512-bV7f+6l2QigeBBZSM/6yTNq4P2fNpSWj/0e7jQcy87A8e7o2nAfP/34/2ky5Vw4B9S446EtIhodAzkFCcR4dQg=="
    },
    "mutationobserver-shim": {
      "version": "0.3.5",
      "resolved": "https://registry.npmjs.org/mutationobserver-shim/-/mutationobserver-shim-0.3.5.tgz",
      "integrity": "sha512-YAMuSp4Oi19SYQF04dGnRajyFp4Wyam+jKKWzm5roPcNh1Rip8dnHPxls5F/xBgY0H2gV+3IzWuIvYQPDAvmBQ=="
    },
    "promise-polyfill": {
      "version": "8.1.3",
      "resolved": "https://registry.npmjs.org/promise-polyfill/-/promise-polyfill-8.1.3.tgz",
      "integrity": "sha512-MG5r82wBzh7pSKDRa9y+vllNHz3e3d4CNj1PQE4BQYxLme0gKYYBm9YENq+UkEikyZ0XbiGWxYlVw3Rl9O/U8g=="
    },
    "ramda": {
      "version": "0.25.0",
      "resolved": "https://registry.npmjs.org/ramda/-/ramda-0.25.0.tgz",
      "integrity": "sha512-GXpfrYVPwx3K7RQ6aYT8KPS8XViSXUVJT1ONhoKPE9VAleW42YE+U+8VEyGWt41EnEQW7gwecYJriTI0pKoecQ=="
    },
    "regenerator-runtime": {
      "version": "0.13.5",
      "resolved": "https://registry.npmjs.org/regenerator-runtime/-/regenerator-runtime-0.13.5.tgz",
      "integrity": "sha512-ZS5w8CpKFinUzOwW3c83oPeVXoNsrLsaCoLtJvAClH135j/R77RuymhiSErhm2lKcwSCIpmvIWSbDkIfAqKQlA=="
    },
    "underscore": {
      "version": "1.10.2",
      "resolved": "https://registry.npmjs.org/underscore/-/underscore-1.10.2.tgz",
      "integrity": "sha512-N4P+Q/BuyuEKFJ43B9gYuOj4TQUHXX+j2FqguVOpjkssLUUrnJofCcBccJSCoeturDoZU6GorDTHSvUDlSQbTg=="
    },
    "vue-apexcharts": {
      "version": "1.5.3",
      "resolved": "https://registry.npmjs.org/vue-apexcharts/-/vue-apexcharts-1.5.3.tgz",
      "integrity": "sha512-ImbvQxgwbLMrEc9/veDIJ7lzncf1fJDSNqqK0x2YDNUCq5tE9uqM4Gb/ZYUB5WlDM3vDpzwDEmsidWcaO6/WXQ=="
    },
    "vue-fusioncharts": {
      "version": "3.0.4",
      "resolved": "https://registry.npmjs.org/vue-fusioncharts/-/vue-fusioncharts-3.0.4.tgz",
      "integrity": "sha512-UX+nIKPIH7mvGF7UscN5e5Skk+MwOXJFO7fdacHLmZ1xBkK32baDNlqmAhjOsHH8Kuw1/9WsEmU6Ga7W1OeqzA==",
      "requires": {
        "underscore": "^1.9.1"
      }
    },
    "vue2-scrollspy": {
      "version": "2.3.1",
      "resolved": "https://registry.npmjs.org/vue2-scrollspy/-/vue2-scrollspy-2.3.1.tgz",
      "integrity": "sha512-nynFYH9zwfXHfhopQyFT6uxe8Vgz9c46/NibJzI24h8FAHBnlzEe9EXNhUy+wcfr+BEa4Q22V5GvnigTtbmPaQ==",
      "requires": {
        "@tweenjs/tween.js": "^17.2.0",
        "babel-runtime": "^6.26.0"
      }
    }
  }
}
